
Microsoft Visual Studio Solution File, Format Version 12.00
Project("{FAE04EC0-301F-11D3-BF4B-00C04F79EFBC}") = "SimpleObjectStore", "SimpleObjectStore\SimpleObjectStore.csproj", "{18351A70-48AA-4B44-BABE-75A6A2DD6E15}"
EndProject
Project("{FAE04EC0-301F-11D3-BF4B-00C04F79EFBC}") = "SimpleObjectStore.Admin", "SimpleObjectStore.Admin\SimpleObjectStore.Admin.csproj", "{29C3CE2A-11FD-42F1-806F-99E255F092D8}"
EndProject
Global
	GlobalSection(SolutionConfigurationPlatforms) = preSolution
		Debug|Any CPU = Debug|Any CPU
		Release|Any CPU = Release|Any CPU
	EndGlobalSection
	GlobalSection(ProjectConfigurationPlatforms) = postSolution
		{18351A70-48AA-4B44-BABE-75A6A2DD6E15}.Debug|Any CPU.ActiveCfg = Debug|Any CPU
		{18351A70-48AA-4B44-BABE-75A6A2DD6E15}.Debug|Any CPU.Build.0 = Debug|Any CPU
		{18351A70-48AA-4B44-BABE-75A6A2DD6E15}.Release|Any CPU.ActiveCfg = Release|Any CPU
		{18351A70-48AA-4B44-BABE-75A6A2DD6E15}.Release|Any CPU.Build.0 = Release|Any CPU
		{29C3CE2A-11FD-42F1-806F-99E255F092D8}.Debug|Any CPU.ActiveCfg = Debug|Any CPU
		{29C3CE2A-11FD-42F1-806F-99E255F092D8}.Debug|Any CPU.Build.0 = Debug|Any CPU
		{29C3CE2A-11FD-42F1-806F-99E255F092D8}.Release|Any CPU.ActiveCfg = Release|Any CPU
		{29C3CE2A-11FD-42F1-806F-99E255F092D8}.Release|Any CPU.Build.0 = Release|Any CPU
	EndGlobalSection
EndGlobal
